
Microsoft Visual Studio Solution File, Format Version 12.00
# Visual Studio 15
VisualStudioVersion = 15.0.26403.7
MinimumVisualStudioVersion = 10.0.40219.1
Project("{FAE04EC0-301F-11D3-BF4B-00C04F79EFBC}") = "WebApplication2", "WebApplication2\WebApplication2.csproj", "{03E751BA-BE2E-4C27-BC90-2777E9567B6A}"
EndProject
Project("{FAE04EC0-301F-11D3-BF4B-00C04F79EFBC}") = "Common", "Common\Common.csproj", "{7BBDABDB-74E4-4878-9E04-76E9C325CEB7}"
EndProject
Global
	GlobalSection(SolutionConfigurationPlatforms) = preSolution
		Debug|Any CPU = Debug|Any CPU
		Release|Any CPU = Release|Any CPU
	EndGlobalSection
	GlobalSection(ProjectConfigurationPlatforms) = postSolution
		{03E751BA-BE2E-4C27-BC90-2777E9567B6A}.Debug|Any CPU.ActiveCfg = Debug|Any CPU
		{03E751BA-BE2E-4C27-BC90-2777E9567B6A}.Debug|Any CPU.Build.0 = Debug|Any CPU
		{03E751BA-BE2E-4C27-BC90-2777E9567B6A}.Release|Any CPU.ActiveCfg = Release|Any CPU
		{03E751BA-BE2E-4C27-BC90-2777E9567B6A}.Release|Any CPU.Build.0 = Release|Any CPU
		{7BBDABDB-74E4-4878-9E04-76E9C325CEB7}.Debug|Any CPU.ActiveCfg = Debug|Any CPU
		{7BBDABDB-74E4-4878-9E04-76E9C325CEB7}.Debug|Any CPU.Build.0 = Debug|Any CPU
		{7BBDABDB-74E4-4878-9E04-76E9C325CEB7}.Release|Any CPU.ActiveCfg = Release|Any CPU
		{7BBDABDB-74E4-4878-9E04-76E9C325CEB7}.Release|Any CPU.Build.0 = Release|Any CPU
	EndGlobalSection
	GlobalSection(SolutionProperties) = preSolution
		HideSolutionNode = FALSE
	EndGlobalSection
EndGlobal
